{
  "sources": {
    "rightscale_volume": {
      "locked_version": "1.3.0",
      "git": "git://github.com/rightscale-cookbooks/rightscale_volume.git",
      "ref": "20172b4a0af3cffa9981861f2ae8765f215afac6"
    },
    "rightscale_backup": {
      "locked_version": "1.2.0",
      "git": "git://github.com/rightscale-cookbooks/rightscale_backup.git",
      "ref": "5a5f130674ffd0740acccc7a93e48bd90dafc3de"
    },
    "apt": {
      "locked_version": "3.0.0"
    },
    "build-essential": {
      "locked_version": "3.2.0"
    },
    "windows": {
      "locked_version": "1.40.0",
      "git": "git://github.com/chef-cookbooks/windows.git",
      "ref": "3d981559719cf11015348eb7ce32174bbb6bdf31"
    },
    "rs-storage": {
      "path": "."
    },
    "seven_zip": {
      "locked_version": "2.0.2"
    },
    "chef_handler": {
      "locked_version": "1.3.0"
    },
    "filesystem": {
      "locked_version": "0.10.2"
    },
    "lvm": {
      "locked_version": "1.6.1"
    },
    "marker": {
      "locked_version": "1.0.1"
    }
  }
}
